
Microsoft Visual Studio Solution File, Format Version 12.00
# Visual Studio 15
VisualStudioVersion = 15.0.28010.2016
MinimumVisualStudioVersion = 10.0.40219.1
Project("{FAE04EC0-301F-11D3-BF4B-00C04F79EFBC}") = "Nitor.OSS.WebAPI", "Nitor.OSS.WebAPI\Nitor.OSS.WebAPI.csproj", "{B69BB446-7002-45BF-9CE1-950236841F2E}"
EndProject
Project("{FAE04EC0-301F-11D3-BF4B-00C04F79EFBC}") = "Nitor.OSS.Logger", "Nitor.OSS.Logger\Nitor.OSS.Logger.csproj", "{6AABF4FC-8CD3-4199-9353-295E38DEE50E}"
EndProject
Project("{FAE04EC0-301F-11D3-BF4B-00C04F79EFBC}") = "Nitor.OSS.ServiceBusAPI", "Nitor.OSS.ServiceBusAPI\Nitor.OSS.ServiceBusAPI.csproj", "{1F367195-C08D-4C8D-9C50-BF150091A90B}"
EndProject
Global
	GlobalSection(SolutionConfigurationPlatforms) = preSolution
		Debug|Any CPU = Debug|Any CPU
		Release|Any CPU = Release|Any CPU
	EndGlobalSection
	GlobalSection(ProjectConfigurationPlatforms) = postSolution
		{B69BB446-7002-45BF-9CE1-950236841F2E}.Debug|Any CPU.ActiveCfg = Debug|Any CPU
		{B69BB446-7002-45BF-9CE1-950236841F2E}.Debug|Any CPU.Build.0 = Debug|Any CPU
		{B69BB446-7002-45BF-9CE1-950236841F2E}.Release|Any CPU.ActiveCfg = Release|Any CPU
		{B69BB446-7002-45BF-9CE1-950236841F2E}.Release|Any CPU.Build.0 = Release|Any CPU
		{6AABF4FC-8CD3-4199-9353-295E38DEE50E}.Debug|Any CPU.ActiveCfg = Debug|Any CPU
		{6AABF4FC-8CD3-4199-9353-295E38DEE50E}.Debug|Any CPU.Build.0 = Debug|Any CPU
		{6AABF4FC-8CD3-4199-9353-295E38DEE50E}.Release|Any CPU.ActiveCfg = Release|Any CPU
		{6AABF4FC-8CD3-4199-9353-295E38DEE50E}.Release|Any CPU.Build.0 = Release|Any CPU
		{1F367195-C08D-4C8D-9C50-BF150091A90B}.Debug|Any CPU.ActiveCfg = Debug|Any CPU
		{1F367195-C08D-4C8D-9C50-BF150091A90B}.Debug|Any CPU.Build.0 = Debug|Any CPU
		{1F367195-C08D-4C8D-9C50-BF150091A90B}.Release|Any CPU.ActiveCfg = Release|Any CPU
		{1F367195-C08D-4C8D-9C50-BF150091A90B}.Release|Any CPU.Build.0 = Release|Any CPU
	EndGlobalSection
	GlobalSection(SolutionProperties) = preSolution
		HideSolutionNode = FALSE
	EndGlobalSection
	GlobalSection(ExtensibilityGlobals) = postSolution
		SolutionGuid = {CCA90734-1213-42E0-AB4F-D37D691CF169}
	EndGlobalSection
EndGlobal
